// !$*UTF8*$!
{
	archiveVersion = 1;
	classes = {
	};
	objectVersion = 50;
	objects = {

/* Begin PBXBuildFile section */
		4FCF4E691F6245B46CA0C593 /* Pods_Filmoteka.framework in Frameworks */ = {isa = PBXBuildFile; fileRef = A6B874D6EAE7CDBF6DFB9E63 /* Pods_Filmoteka.framework */; };
		A5583D6E26D3C070006E4818 /* AppDelegate.swift in Sources */ = {isa = PBXBuildFile; fileRef = A5583D6D26D3C070006E4818 /* AppDelegate.swift */; };
		A5583D7026D3C070006E4818 /* SceneDelegate.swift in Sources */ = {isa = PBXBuildFile; fileRef = A5583D6F26D3C070006E4818 /* SceneDelegate.swift */; };
		A5583D7226D3C070006E4818 /* ViewController.swift in Sources */ = {isa = PBXBuildFile; fileRef = A5583D7126D3C070006E4818 /* ViewController.swift */; };
		A5583D7526D3C070006E4818 /* Main.storyboard in Resources */ = {isa = PBXBuildFile; fileRef = A5583D7326D3C070006E4818 /* Main.storyboard */; };
		A5583D7726D3C071006E4818 /* Assets.xcassets in Resources */ = {isa = PBXBuildFile; fileRef = A5583D7626D3C071006E4818 /* Assets.xcassets */; };
		A5583D7A26D3C071006E4818 /* LaunchScreen.storyboard in Resources */ = {isa = PBXBuildFile; fileRef = A5583D7826D3C071006E4818 /* LaunchScreen.storyboard */; };
/* End PBXBuildFile section */

/* Begin PBXFileReference section */
		8A59FF8F2375F70030CDA5FC /* Pods-Filmoteka.debug.xcconfig */ = {isa = PBXFileReference; includeInIndex = 1; lastKnownFileType = text.xcconfig; name = "Pods-Filmoteka.debug.xcconfig"; path = "Target Support Files/Pods-Filmoteka/Pods-Filmoteka.debug.xcconfig"; sourceTree = "<group>"; };
		A5583D6A26D3C070006E4818 /* Filmoteka.app */ = {isa = PBXFileReference; explicitFileType = wrapper.application; includeInIndex = 0; path = Filmoteka.app; sourceTree = BUILT_PRODUCTS_DIR; };
		A5583D6D26D3C070006E4818 /* AppDelegate.swift */ = {isa = PBXFileReference; lastKnownFileType = sourcecode.swift; path = AppDelegate.swift; sourceTree = "<group>"; };
		A5583D6F26D3C070006E4818 /* SceneDelegate.swift */ = {isa = PBXFileReference; lastKnownFileType = sourcecode.swift; path = SceneDelegate.swift; sourceTree = "<group>"; };
		A5583D7126D3C070006E4818 /* ViewController.swift */ = {isa = PBXFileReference; lastKnownFileType = sourcecode.swift; path = ViewController.swift; sourceTree = "<group>"; };
		A5583D7426D3C070006E4818 /* Base */ = {isa = PBXFileReference; lastKnownFileType = file.storyboard; name = Base; path = Base.lproj/Main.storyboard; sourceTree = "<group>"; };
		A5583D7626D3C071006E4818 /* Assets.xcassets */ = {isa = PBXFileReference; lastKnownFileType = folder.assetcatalog; path = Assets.xcassets; sourceTree = "<group>"; };
		A5583D7926D3C071006E4818 /* Base */ = {isa = PBXFileReference; lastKnownFileType = file.storyboard; name = Base; path = Base.lproj/LaunchScreen.storyboard; sourceTree = "<group>"; };
		A5583D7B26D3C071006E4818 /* Info.plist */ = {isa = PBXFileReference; lastKnownFileType = text.plist.xml; path = Info.plist; sourceTree = "<group>"; };
		A6B874D6EAE7CDBF6DFB9E63 /* Pods_Filmoteka.framework */ = {isa = PBXFileReference; explicitFileType = wrapper.framework; includeInIndex = 0; path = Pods_Filmoteka.framework; sourceTree = BUILT_PRODUCTS_DIR; };
		B22B3B7B90B45F9AEBDB529D /* Pods-Filmoteka.release.xcconfig */ = {isa = PBXFileReference; includeInIndex = 1; lastKnownFileType = text.xcconfig; name = "Pods-Filmoteka.release.xcconfig"; path = "Target Support Files/Pods-Filmoteka/Pods-Filmoteka.release.xcconfig"; sourceTree = "<group>"; };
/* End PBXFileReference section */

/* Begin PBXFrameworksBuildPhase section */
		A5583D6726D3C070006E4818 /* Frameworks */ = {
			isa = PBXFrameworksBuildPhase;
			buildActionMask = 2147483647;
			files = (
				4FCF4E691F6245B46CA0C593 /* Pods_Filmoteka.framework in Frameworks */,
			);
			runOnlyForDeploymentPostprocessing = 0;
		};
/* End PBXFrameworksBuildPhase section */

/* Begin PBXGroup section */
		85AF7CA0E6249C92ECC9AB4A /* Frameworks */ = {
			isa = PBXGroup;
			children = (
				A6B874D6EAE7CDBF6DFB9E63 /* Pods_Filmoteka.framework */,
			);
			name = Frameworks;
			sourceTree = "<group>";
		};
		A5583D6126D3C06F006E4818 = {
			isa = PBXGroup;
			children = (
				A5583D6C26D3C070006E4818 /* Filmoteka */,
				A5583D6B26D3C070006E4818 /* Products */,
				CBD1CA8A13753F7C0C9D8B72 /* Pods */,
				85AF7CA0E6249C92ECC9AB4A /* Frameworks */,
			);
			sourceTree = "<group>";
		};
		A5583D6B26D3C070006E4818 /* Products */ = {
			isa = PBXGroup;
			children = (
				A5583D6A26D3C070006E4818 /* Filmoteka.app */,
			);
			name = Products;
			sourceTree = "<group>";
		};
		A5583D6C26D3C070006E4818 /* Filmoteka */ = {
			isa = PBXGroup;
			children = (
				A5583D6D26D3C070006E4818 /* AppDelegate.swift */,
				A5583D6F26D3C070006E4818 /* SceneDelegate.swift */,
				A5583D7126D3C070006E4818 /* ViewController.swift */,
				A5583D7326D3C070006E4818 /* Main.storyboard */,
				A5583D7626D3C071006E4818 /* Assets.xcassets */,
				A5583D7826D3C071006E4818 /* LaunchScreen.storyboard */,
				A5583D7B26D3C071006E4818 /* Info.plist */,
			);
			path = Filmoteka;
			sourceTree = "<group>";
		};
		CBD1CA8A13753F7C0C9D8B72 /* Pods */ = {
			isa = PBXGroup;
			children = (
				8A59FF8F2375F70030CDA5FC /* Pods-Filmoteka.debug.xcconfig */,
				B22B3B7B90B45F9AEBDB529D /* Pods-Filmoteka.release.xcconfig */,
			);
			name = Pods;
			path = Pods;
			sourceTree = "<group>";
		};
/* End PBXGroup section */

/* Begin PBXNativeTarget section */
		A5583D6926D3C070006E4818 /* Filmoteka */ = {
			isa = PBXNativeTarget;
			buildConfigurationList = A5583D7E26D3C071006E4818 /* Build configuration list for PBXNativeTarget "Filmoteka" */;
			buildPhases = (
				EF804B1E6C047E34CF5D5381 /* [CP] Check Pods Manifest.lock */,
				A5583D6626D3C070006E4818 /* Sources */,
				A5583D6726D3C070006E4818 /* Frameworks */,
				A5583D6826D3C070006E4818 /* Resources */,
				F09F7B72DE1E133A1E3B82E0 /* [CP] Embed Pods Frameworks */,
			);
			buildRules = (
			);
			dependencies = (
			);
			name = Filmoteka;
			productName = Filmoteka;
			productReference = A5583D6A26D3C070006E4818 /* Filmoteka.app */;
			productType = "com.apple.product-type.application";
		};
/* End PBXNativeTarget section */

/* Begin PBXProject section */
		A5583D6226D3C06F006E4818 /* Project object */ = {
			isa = PBXProject;
			attributes = {
				LastSwiftUpdateCheck = 1250;
				LastUpgradeCheck = 1250;
				TargetAttributes = {
					A5583D6926D3C070006E4818 = {
						CreatedOnToolsVersion = 12.5.1;
					};
				};
			};
			buildConfigurationList = A5583D6526D3C06F006E4818 /* Build configuration list for PBXProject "Filmoteka" */;
			compatibilityVersion = "Xcode 9.3";
			developmentRegion = en;
			hasScannedForEncodings = 0;
			knownRegions = (
				en,
				Base,
			);
			mainGroup = A5583D6126D3C06F006E4818;
			productRefGroup = A5583D6B26D3C070006E4818 /* Products */;
			projectDirPath = "";
			projectRoot = "";
			targets = (
				A5583D6926D3C070006E4818 /* Filmoteka */,
			);
		};
/* End PBXProject section */

/* Begin PBXResourcesBuildPhase section */
		A5583D6826D3C070006E4818 /* Resources */ = {
			isa = PBXResourcesBuildPhase;
			buildActionMask = 2147483647;
			files = (
				A5583D7A26D3C071006E4818 /* LaunchScreen.storyboard in Resources */,
				A5583D7726D3C071006E4818 /* Assets.xcassets in Resources */,
				A5583D7526D3C070006E4818 /* Main.storyboard in Resources */,
			);
			runOnlyForDeploymentPostprocessing = 0;
		};
/* End PBXResourcesBuildPhase section */

/* Begin PBXShellScriptBuildPhase section */
		EF804B1E6C047E34CF5D5381 /* [CP] Check Pods Manifest.lock */ = {
			isa = PBXShellScriptBuildPhase;
			buildActionMask = 2147483647;
			files = (
			);
			inputFileListPaths = (
			);
			inputPaths = (
				"${PODS_PODFILE_DIR_PATH}/Podfile.lock",
				"${PODS_ROOT}/Manifest.lock",
			);
			name = "[CP] Check Pods Manifest.lock";
			outputFileListPaths = (
			);
			outputPaths = (
				"$(DERIVED_FILE_DIR)/Pods-Filmoteka-checkManifestLockResult.txt",
			);
			runOnlyForDeploymentPostprocessing = 0;
			shellPath = /bin/sh;
			shellScript = "diff \"${PODS_PODFILE_DIR_PATH}/Podfile.lock\" \"${PODS_ROOT}/Manifest.lock\" > /dev/null\nif [ $? != 0 ] ; then\n    # print error to STDERR\n    echo \"error: The sandbox is not in sync with the Podfile.lock. Run 'pod install' or update your CocoaPods installation.\" >&2\n    exit 1\nfi\n# This output is used by Xcode 'outputs' to avoid re-running this script phase.\necho \"SUCCESS\" > \"${SCRIPT_OUTPUT_FILE_0}\"\n";
			showEnvVarsInLog = 0;
		};
		F09F7B72DE1E133A1E3B82E0 /* [CP] Embed Pods Frameworks */ = {
			isa = PBXShellScriptBuildPhase;
			buildActionMask = 2147483647;
			files = (
			);
			inputFileListPaths = (
				"${PODS_ROOT}/Target Support Files/Pods-Filmoteka/Pods-Filmoteka-frameworks-${CONFIGURATION}-input-files.xcfilelist",
			);
			name = "[CP] Embed Pods Frameworks";
			outputFileListPaths = (
				"${PODS_ROOT}/Target Support Files/Pods-Filmoteka/Pods-Filmoteka-frameworks-${CONFIGURATION}-output-files.xcfilelist",
			);
			runOnlyForDeploymentPostprocessing = 0;
			shellPath = /bin/sh;
			shellScript = "\"${PODS_ROOT}/Target Support Files/Pods-Filmoteka/Pods-Filmoteka-frameworks.sh\"\n";
			showEnvVarsInLog = 0;
		};
/* End PBXShellScriptBuildPhase section */

/* Begin PBXSourcesBuildPhase section */
		A5583D6626D3C070006E4818 /* Sources */ = {
			isa = PBXSourcesBuildPhase;
			buildActionMask = 2147483647;
			files = (
				A5583D7226D3C070006E4818 /* ViewController.swift in Sources */,
				A5583D6E26D3C070006E4818 /* AppDelegate.swift in Sources */,
				A5583D7026D3C070006E4818 /* SceneDelegate.swift in Sources */,
			);
			runOnlyForDeploymentPostprocessing = 0;
		};
/* End PBXSourcesBuildPhase section */

/* Begin PBXVariantGroup section */
		A5583D7326D3C070006E4818 /* Main.storyboard */ = {
			isa = PBXVariantGroup;
			children = (
				A5583D7426D3C070006E4818 /* Base */,
			);
			name = Main.storyboard;
			sourceTree = "<group>";
		};
		A5583D7826D3C071006E4818 /* LaunchScreen.storyboard */ = {
			isa = PBXVariantGroup;
			children = (
				A5583D7926D3C071006E4818 /* Base */,
			);
			name = LaunchScreen.storyboard;
			sourceTree = "<group>";
		};
/* End PBXVariantGroup section */

/* Begin XCBuildConfiguration section */
		A5583D7C26D3C071006E4818 /* Debug */ = {
			isa = XCBuildConfiguration;
			buildSettings = {
				ALWAYS_SEARCH_USER_PATHS = NO;
				CLANG_ANALYZER_NONNULL = YES;
				CLANG_ANALYZER_NUMBER_OBJECT_CONVERSION = YES_AGGRESSIVE;
				CLANG_CXX_LANGUAGE_STANDARD = "gnu++14";
				CLANG_CXX_LIBRARY = "libc++";
				CLANG_ENABLE_MODULES = YES;
				CLANG_ENABLE_OBJC_ARC = YES;
				CLANG_ENABLE_OBJC_WEAK = YES;
				CLANG_WARN_BLOCK_CAPTURE_AUTORELEASING = YES;
				CLANG_WARN_BOOL_CONVERSION = YES;
				CLANG_WARN_COMMA = YES;
				CLANG_WARN_CONSTANT_CONVERSION = YES;
				CLANG_WARN_DEPRECATED_OBJC_IMPLEMENTATIONS = YES;
				CLANG_WARN_DIRECT_OBJC_ISA_USAGE = YES_ERROR;
				CLANG_WARN_DOCUMENTATION_COMMENTS = YES;
				CLANG_WARN_EMPTY_BODY = YES;
				CLANG_WARN_ENUM_CONVERSION = YES;
				CLANG_WARN_INFINITE_RECURSION = YES;
				CLANG_WARN_INT_CONVERSION = YES;
				CLANG_WARN_NON_LITERAL_NULL_CONVERSION = YES;
				CLANG_WARN_OBJC_IMPLICIT_RETAIN_SELF = YES;
				CLANG_WARN_OBJC_LITERAL_CONVERSION = YES;
				CLANG_WARN_OBJC_ROOT_CLASS = YES_ERROR;
				CLANG_WARN_QUOTED_INCLUDE_IN_FRAMEWORK_HEADER = YES;
				CLANG_WARN_RANGE_LOOP_ANALYSIS = YES;
				CLANG_WARN_STRICT_PROTOTYPES = YES;
				CLANG_WARN_SUSPICIOUS_MOVE = YES;
				CLANG_WARN_UNGUARDED_AVAILABILITY = YES_AGGRESSIVE;
				CLANG_WARN_UNREACHABLE_CODE = YES;
				CLANG_WARN__DUPLICATE_METHOD_MATCH = YES;
				COPY_PHASE_STRIP = NO;
				DEBUG_INFORMATION_FORMAT = dwarf;
				ENABLE_STRICT_OBJC_MSGSEND = YES;
				ENABLE_TESTABILITY = YES;
				GCC_C_LANGUAGE_STANDARD = gnu11;
				GCC_DYNAMIC_NO_PIC = NO;
				GCC_NO_COMMON_BLOCKS = YES;
				GCC_OPTIMIZATION_LEVEL = 0;
				GCC_PREPROCESSOR_DEFINITIONS = (
					"DEBUG=1",
					"$(inherited)",
				);
				GCC_WARN_64_TO_32_BIT_CONVERSION = YES;
				GCC_WARN_ABOUT_RETURN_TYPE = YES_ERROR;
				GCC_WARN_UNDECLARED_SELECTOR = YES;
				GCC_WARN_UNINITIALIZED_AUTOS = YES_AGGRESSIVE;
				GCC_WARN_UNUSED_FUNCTION = YES;
				GCC_WARN_UNUSED_VARIABLE = YES;
				IPHONEOS_DEPLOYMENT_TARGET = 14.5;
				MTL_ENABLE_DEBUG_INFO = INCLUDE_SOURCE;
				MTL_FAST_MATH = YES;
				ONLY_ACTIVE_ARCH = YES;
				SDKROOT = iphoneos;
				SWIFT_ACTIVE_COMPILATION_CONDITIONS = DEBUG;
				SWIFT_OPTIMIZATION_LEVEL = "-Onone";
			};
			name = Debug;
		};
		A5583D7D26D3C071006E4818 /* Release */ = {
			isa = XCBuildConfiguration;
			buildSettings = {
				ALWAYS_SEARCH_USER_PATHS = NO;
				CLANG_ANALYZER_NONNULL = YES;
				CLANG_ANALYZER_NUMBER_OBJECT_CONVERSION = YES_AGGRESSIVE;
				CLANG_CXX_LANGUAGE_STANDARD = "gnu++14";
				CLANG_CXX_LIBRARY = "libc++";
				CLANG_ENABLE_MODULES = YES;
				CLANG_ENABLE_OBJC_ARC = YES;
				CLANG_ENABLE_OBJC_WEAK = YES;
				CLANG_WARN_BLOCK_CAPTURE_AUTORELEASING = YES;
				CLANG_WARN_BOOL_CONVERSION = YES;
				CLANG_WARN_COMMA = YES;
				CLANG_WARN_CONSTANT_CONVERSION = YES;
				CLANG_WARN_DEPRECATED_OBJC_IMPLEMENTATIONS = YES;
				CLANG_WARN_DIRECT_OBJC_ISA_USAGE = YES_ERROR;
				CLANG_WARN_DOCUMENTATION_COMMENTS = YES;
				CLANG_WARN_EMPTY_BODY = YES;
				CLANG_WARN_ENUM_CONVERSION = YES;
				CLANG_WARN_INFINITE_RECURSION = YES;
				CLANG_WARN_INT_CONVERSION = YES;
				CLANG_WARN_NON_LITERAL_NULL_CONVERSION = YES;
				CLANG_WARN_OBJC_IMPLICIT_RETAIN_SELF = YES;
				CLANG_WARN_OBJC_LITERAL_CONVERSION = YES;
				CLANG_WARN_OBJC_ROOT_CLASS = YES_ERROR;
				CLANG_WARN_QUOTED_INCLUDE_IN_FRAMEWORK_HEADER = YES;
				CLANG_WARN_RANGE_LOOP_ANALYSIS = YES;
				CLANG_WARN_STRICT_PROTOTYPES = YES;
				CLANG_WARN_SUSPICIOUS_MOVE = YES;
				CLANG_WARN_UNGUARDED_AVAILABILITY = YES_AGGRESSIVE;
				CLANG_WARN_UNREACHABLE_CODE = YES;
				CLANG_WARN__DUPLICATE_METHOD_MATCH = YES;
				COPY_PHASE_STRIP = NO;
				DEBUG_INFORMATION_FORMAT = "dwarf-with-dsym";
				ENABLE_NS_ASSERTIONS = NO;
				ENABLE_STRICT_OBJC_MSGSEND = YES;
				GCC_C_LANGUAGE_STANDARD = gnu11;
				GCC_NO_COMMON_BLOCKS = YES;
				GCC_WARN_64_TO_32_BIT_CONVERSION = YES;
				GCC_WARN_ABOUT_RETURN_TYPE = YES_ERROR;
				GCC_WARN_UNDECLARED_SELECTOR = YES;
				GCC_WARN_UNINITIALIZED_AUTOS = YES_AGGRESSIVE;
				GCC_WARN_UNUSED_FUNCTION = YES;
				GCC_WARN_UNUSED_VARIABLE = YES;
				IPHONEOS_DEPLOYMENT_TARGET = 14.5;
				MTL_ENABLE_DEBUG_INFO = NO;
				MTL_FAST_MATH = YES;
				SDKROOT = iphoneos;
				SWIFT_COMPILATION_MODE = wholemodule;
				SWIFT_OPTIMIZATION_LEVEL = "-O";
				VALIDATE_PRODUCT = YES;
			};
			name = Release;
		};
		A5583D7F26D3C071006E4818 /* Debug */ = {
			isa = XCBuildConfiguration;
			baseConfigurationReference = 8A59FF8F2375F70030CDA5FC /* Pods-Filmoteka.debug.xcconfig */;
			buildSettings = {
				ASSETCATALOG_COMPILER_APPICON_NAME = AppIcon;
				ASSETCATALOG_COMPILER_GLOBAL_ACCENT_COLOR_NAME = AccentColor;
				CODE_SIGN_STYLE = Automatic;
				DEVELOPMENT_TEAM = 6T2XB978DM;
				INFOPLIST_FILE = Filmoteka/Info.plist;
				LD_RUNPATH_SEARCH_PATHS = (
					"$(inherited)",
					"@executable_path/Frameworks",
				);
				PRODUCT_BUNDLE_IDENTIFIER = MySoft.Filmoteka;
				PRODUCT_NAME = "$(TARGET_NAME)";
				SWIFT_VERSION = 5.0;
				TARGETED_DEVICE_FAMILY = "1,2";
			};
			name = Debug;
		};
		A5583D8026D3C071006E4818 /* Release */ = {
			isa = XCBuildConfiguration;
			baseConfigurationReference = B22B3B7B90B45F9AEBDB529D /* Pods-Filmoteka.release.xcconfig */;
			buildSettings = {
				ASSETCATALOG_COMPILER_APPICON_NAME = AppIcon;
				ASSETCATALOG_COMPILER_GLOBAL_ACCENT_COLOR_NAME = AccentColor;
				CODE_SIGN_STYLE = Automatic;
				DEVELOPMENT_TEAM = 6T2XB978DM;
				INFOPLIST_FILE = Filmoteka/Info.plist;
				LD_RUNPATH_SEARCH_PATHS = (
					"$(inherited)",
					"@executable_path/Frameworks",
				);
				PRODUCT_BUNDLE_IDENTIFIER = MySoft.Filmoteka;
				PRODUCT_NAME = "$(TARGET_NAME)";
				SWIFT_VERSION = 5.0;
				TARGETED_DEVICE_FAMILY = "1,2";
			};
			name = Release;
		};
/* End XCBuildConfiguration section */

/* Begin XCConfigurationList section */
		A5583D6526D3C06F006E4818 /* Build configuration list for PBXProject "Filmoteka" */ = {
			isa = XCConfigurationList;
			buildConfigurations = (
				A5583D7C26D3C071006E4818 /* Debug */,
				A5583D7D26D3C071006E4818 /* Release */,
			);
			defaultConfigurationIsVisible = 0;
			defaultConfigurationName = Release;
		};
		A5583D7E26D3C071006E4818 /* Build configuration list for PBXNativeTarget "Filmoteka" */ = {
			isa = XCConfigurationList;
			buildConfigurations = (
				A5583D7F26D3C071006E4818 /* Debug */,
				A5583D8026D3C071006E4818 /* Release */,
			);
			defaultConfigurationIsVisible = 0;
			defaultConfigurationName = Release;
		};
/* End XCConfigurationList section */
	};
	rootObject = A5583D6226D3C06F006E4818 /* Project object */;
}
